// !$*UTF8*$!
{
	archiveVersion = 1;
	classes = {
	};
	objectVersion = 56;
	objects = {

/* Begin PBXBuildFile section */
		F079401B2C3B67C100917B3B /* JustACoreLocAndWeather1App.swift in Sources */ = {isa = PBXBuildFile; fileRef = F079401A2C3B67C100917B3B /* JustACoreLocAndWeather1App.swift */; };
		F079401F2C3B67C200917B3B /* Assets.xcassets in Resources */ = {isa = PBXBuildFile; fileRef = F079401E2C3B67C200917B3B /* Assets.xcassets */; };
		F07940222C3B67C200917B3B /* Preview Assets.xcassets in Resources */ = {isa = PBXBuildFile; fileRef = F07940212C3B67C200917B3B /* Preview Assets.xcassets */; };
		F08597AC2C3B6B17009013C7 /* ContentView.swift in Sources */ = {isa = PBXBuildFile; fileRef = F08597AB2C3B6B17009013C7 /* ContentView.swift */; };
		F08597AE2C3B6B24009013C7 /* CoreLocationModelObservable.swift in Sources */ = {isa = PBXBuildFile; fileRef = F08597AD2C3B6B24009013C7 /* CoreLocationModelObservable.swift */; };
		F0B1D9EF2C5D58DE00469598 /* SettingsSingleView.swift in Sources */ = {isa = PBXBuildFile; fileRef = F0B1D9EE2C5D58DD00469598 /* SettingsSingleView.swift */; };
/* End PBXBuildFile section */

/* Begin PBXFileReference section */
		F004D61C2C59C88F00F847EE /* Info.plist */ = {isa = PBXFileReference; lastKnownFileType = text.plist; path = Info.plist; sourceTree = "<group>"; };
		F004D61D2C59D3B800F847EE /* JustACoreLocAndWeather1.gpx */ = {isa = PBXFileReference; lastKnownFileType = text.xml; name = JustACoreLocAndWeather1.gpx; path = JustACoreLocAndWeather1/JustACoreLocAndWeather1.gpx; sourceTree = "<group>"; };
		F07940172C3B67C100917B3B /* JustACoreLocAndWeather1.app */ = {isa = PBXFileReference; explicitFileType = wrapper.application; includeInIndex = 0; path = JustACoreLocAndWeather1.app; sourceTree = BUILT_PRODUCTS_DIR; };
		F079401A2C3B67C100917B3B /* JustACoreLocAndWeather1App.swift */ = {isa = PBXFileReference; lastKnownFileType = sourcecode.swift; path = JustACoreLocAndWeather1App.swift; sourceTree = "<group>"; };
		F079401E2C3B67C200917B3B /* Assets.xcassets */ = {isa = PBXFileReference; lastKnownFileType = folder.assetcatalog; path = Assets.xcassets; sourceTree = "<group>"; };
		F07940212C3B67C200917B3B /* Preview Assets.xcassets */ = {isa = PBXFileReference; lastKnownFileType = folder.assetcatalog; path = "Preview Assets.xcassets"; sourceTree = "<group>"; };
		F08597AB2C3B6B17009013C7 /* ContentView.swift */ = {isa = PBXFileReference; fileEncoding = 4; lastKnownFileType = sourcecode.swift; path = ContentView.swift; sourceTree = "<group>"; };
		F08597AD2C3B6B24009013C7 /* CoreLocationModelObservable.swift */ = {isa = PBXFileReference; fileEncoding = 4; lastKnownFileType = sourcecode.swift; path = CoreLocationModelObservable.swift; sourceTree = "<group>"; };
		F0B1D9EE2C5D58DD00469598 /* SettingsSingleView.swift */ = {isa = PBXFileReference; fileEncoding = 4; lastKnownFileType = sourcecode.swift; path = SettingsSingleView.swift; sourceTree = "<group>"; };
/* End PBXFileReference section */

/* Begin PBXFrameworksBuildPhase section */
		F07940142C3B67C100917B3B /* Frameworks */ = {
			isa = PBXFrameworksBuildPhase;
			buildActionMask = 2147483647;
			files = (
			);
			runOnlyForDeploymentPostprocessing = 0;
		};
/* End PBXFrameworksBuildPhase section */

/* Begin PBXGroup section */
		F079400E2C3B67C100917B3B = {
			isa = PBXGroup;
			children = (
				F004D61D2C59D3B800F847EE /* JustACoreLocAndWeather1.gpx */,
				F07940192C3B67C100917B3B /* JustACoreLocAndWeather1 */,
				F07940182C3B67C100917B3B /* Products */,
			);
			sourceTree = "<group>";
		};
		F07940182C3B67C100917B3B /* Products */ = {
			isa = PBXGroup;
			children = (
				F07940172C3B67C100917B3B /* JustACoreLocAndWeather1.app */,
			);
			name = Products;
			sourceTree = "<group>";
		};
		F07940192C3B67C100917B3B /* JustACoreLocAndWeather1 */ = {
			isa = PBXGroup;
			children = (
				F004D61C2C59C88F00F847EE /* Info.plist */,
				F079401A2C3B67C100917B3B /* JustACoreLocAndWeather1App.swift */,
				F07940292C3B67D800917B3B /* Models */,
				F07940282C3B67CD00917B3B /* Views */,
				F079401E2C3B67C200917B3B /* Assets.xcassets */,
				F07940202C3B67C200917B3B /* Preview Content */,
			);
			path = JustACoreLocAndWeather1;
			sourceTree = "<group>";
		};
		F07940202C3B67C200917B3B /* Preview Content */ = {
			isa = PBXGroup;
			children = (
				F07940212C3B67C200917B3B /* Preview Assets.xcassets */,
			);
			path = "Preview Content";
			sourceTree = "<group>";
		};
		F07940282C3B67CD00917B3B /* Views */ = {
			isa = PBXGroup;
			children = (
				F0B1D9EE2C5D58DD00469598 /* SettingsSingleView.swift */,
				F08597AB2C3B6B17009013C7 /* ContentView.swift */,
			);
			path = Views;
			sourceTree = "<group>";
		};
		F07940292C3B67D800917B3B /* Models */ = {
			isa = PBXGroup;
			children = (
				F08597AD2C3B6B24009013C7 /* CoreLocationModelObservable.swift */,
			);
			path = Models;
			sourceTree = "<group>";
		};
/* End PBXGroup section */

/* Begin PBXNativeTarget section */
		F07940162C3B67C100917B3B /* JustACoreLocAndWeather1 */ = {
			isa = PBXNativeTarget;
			buildConfigurationList = F07940252C3B67C200917B3B /* Build configuration list for PBXNativeTarget "JustACoreLocAndWeather1" */;
			buildPhases = (
				F07940132C3B67C100917B3B /* Sources */,
				F07940142C3B67C100917B3B /* Frameworks */,
				F07940152C3B67C100917B3B /* Resources */,
			);
			buildRules = (
			);
			dependencies = (
			);
			name = JustACoreLocAndWeather1;
			productName = JustACoreLocAndWeather1;
			productReference = F07940172C3B67C100917B3B /* JustACoreLocAndWeather1.app */;
			productType = "com.apple.product-type.application";
		};
/* End PBXNativeTarget section */

/* Begin PBXProject section */
		F079400F2C3B67C100917B3B /* Project object */ = {
			isa = PBXProject;
			attributes = {
				BuildIndependentTargetsInParallel = 1;
				LastSwiftUpdateCheck = 1540;
				LastUpgradeCheck = 1540;
				TargetAttributes = {
					F07940162C3B67C100917B3B = {
						CreatedOnToolsVersion = 15.4;
					};
				};
			};
			buildConfigurationList = F07940122C3B67C100917B3B /* Build configuration list for PBXProject "JustACoreLocAndWeather1" */;
			compatibilityVersion = "Xcode 14.0";
			developmentRegion = en;
			hasScannedForEncodings = 0;
			knownRegions = (
				en,
				Base,
			);
			mainGroup = F079400E2C3B67C100917B3B;
			productRefGroup = F07940182C3B67C100917B3B /* Products */;
			projectDirPath = "";
			projectRoot = "";
			targets = (
				F07940162C3B67C100917B3B /* JustACoreLocAndWeather1 */,
			);
		};
/* End PBXProject section */

/* Begin PBXResourcesBuildPhase section */
		F07940152C3B67C100917B3B /* Resources */ = {
			isa = PBXResourcesBuildPhase;
			buildActionMask = 2147483647;
			files = (
				F07940222C3B67C200917B3B /* Preview Assets.xcassets in Resources */,
				F079401F2C3B67C200917B3B /* Assets.xcassets in Resources */,
			);
			runOnlyForDeploymentPostprocessing = 0;
		};
/* End PBXResourcesBuildPhase section */

/* Begin PBXSourcesBuildPhase section */
		F07940132C3B67C100917B3B /* Sources */ = {
			isa = PBXSourcesBuildPhase;
			buildActionMask = 2147483647;
			files = (
				F08597AC2C3B6B17009013C7 /* ContentView.swift in Sources */,
				F0B1D9EF2C5D58DE00469598 /* SettingsSingleView.swift in Sources */,
				F08597AE2C3B6B24009013C7 /* CoreLocationModelObservable.swift in Sources */,
				F079401B2C3B67C100917B3B /* JustACoreLocAndWeather1App.swift in Sources */,
			);
			runOnlyForDeploymentPostprocessing = 0;
		};
/* End PBXSourcesBuildPhase section */

/* Begin XCBuildConfiguration section */
		F07940232C3B67C200917B3B /* Debug */ = {
			isa = XCBuildConfiguration;
			buildSettings = {
				ALWAYS_SEARCH_USER_PATHS = NO;
				ASSETCATALOG_COMPILER_GENERATE_SWIFT_ASSET_SYMBOL_EXTENSIONS = YES;
				CLANG_ANALYZER_NONNULL = YES;
				CLANG_ANALYZER_NUMBER_OBJECT_CONVERSION = YES_AGGRESSIVE;
				CLANG_CXX_LANGUAGE_STANDARD = "gnu++20";
				CLANG_ENABLE_MODULES = YES;
				CLANG_ENABLE_OBJC_ARC = YES;
				CLANG_ENABLE_OBJC_WEAK = YES;
				CLANG_WARN_BLOCK_CAPTURE_AUTORELEASING = YES;
				CLANG_WARN_BOOL_CONVERSION = YES;
				CLANG_WARN_COMMA = YES;
				CLANG_WARN_CONSTANT_CONVERSION = YES;
				CLANG_WARN_DEPRECATED_OBJC_IMPLEMENTATIONS = YES;
				CLANG_WARN_DIRECT_OBJC_ISA_USAGE = YES_ERROR;
				CLANG_WARN_DOCUMENTATION_COMMENTS = YES;
				CLANG_WARN_EMPTY_BODY = YES;
				CLANG_WARN_ENUM_CONVERSION = YES;
				CLANG_WARN_INFINITE_RECURSION = YES;
				CLANG_WARN_INT_CONVERSION = YES;
				CLANG_WARN_NON_LITERAL_NULL_CONVERSION = YES;
				CLANG_WARN_OBJC_IMPLICIT_RETAIN_SELF = YES;
				CLANG_WARN_OBJC_LITERAL_CONVERSION = YES;
				CLANG_WARN_OBJC_ROOT_CLASS = YES_ERROR;
				CLANG_WARN_QUOTED_INCLUDE_IN_FRAMEWORK_HEADER = YES;
				CLANG_WARN_RANGE_LOOP_ANALYSIS = YES;
				CLANG_WARN_STRICT_PROTOTYPES = YES;
				CLANG_WARN_SUSPICIOUS_MOVE = YES;
				CLANG_WARN_UNGUARDED_AVAILABILITY = YES_AGGRESSIVE;
				CLANG_WARN_UNREACHABLE_CODE = YES;
				CLANG_WARN__DUPLICATE_METHOD_MATCH = YES;
				COPY_PHASE_STRIP = NO;
				DEBUG_INFORMATION_FORMAT = dwarf;
				ENABLE_STRICT_OBJC_MSGSEND = YES;
				ENABLE_TESTABILITY = YES;
				ENABLE_USER_SCRIPT_SANDBOXING = YES;
				GCC_C_LANGUAGE_STANDARD = gnu17;
				GCC_DYNAMIC_NO_PIC = NO;
				GCC_NO_COMMON_BLOCKS = YES;
				GCC_OPTIMIZATION_LEVEL = 0;
				GCC_PREPROCESSOR_DEFINITIONS = (
					"DEBUG=1",
					"$(inherited)",
				);
				GCC_WARN_64_TO_32_BIT_CONVERSION = YES;
				GCC_WARN_ABOUT_RETURN_TYPE = YES_ERROR;
				GCC_WARN_UNDECLARED_SELECTOR = YES;
				GCC_WARN_UNINITIALIZED_AUTOS = YES_AGGRESSIVE;
				GCC_WARN_UNUSED_FUNCTION = YES;
				GCC_WARN_UNUSED_VARIABLE = YES;
				IPHONEOS_DEPLOYMENT_TARGET = 17.5;
				LOCALIZATION_PREFERS_STRING_CATALOGS = YES;
				MTL_ENABLE_DEBUG_INFO = INCLUDE_SOURCE;
				MTL_FAST_MATH = YES;
				ONLY_ACTIVE_ARCH = YES;
				SDKROOT = iphoneos;
				SWIFT_ACTIVE_COMPILATION_CONDITIONS = "DEBUG $(inherited)";
				SWIFT_OPTIMIZATION_LEVEL = "-Onone";
			};
			name = Debug;
		};
		F07940242C3B67C200917B3B /* Release */ = {
			isa = XCBuildConfiguration;
			buildSettings = {
				ALWAYS_SEARCH_USER_PATHS = NO;
				ASSETCATALOG_COMPILER_GENERATE_SWIFT_ASSET_SYMBOL_EXTENSIONS = YES;
				CLANG_ANALYZER_NONNULL = YES;
				CLANG_ANALYZER_NUMBER_OBJECT_CONVERSION = YES_AGGRESSIVE;
				CLANG_CXX_LANGUAGE_STANDARD = "gnu++20";
				CLANG_ENABLE_MODULES = YES;
				CLANG_ENABLE_OBJC_ARC = YES;
				CLANG_ENABLE_OBJC_WEAK = YES;
				CLANG_WARN_BLOCK_CAPTURE_AUTORELEASING = YES;
				CLANG_WARN_BOOL_CONVERSION = YES;
				CLANG_WARN_COMMA = YES;
				CLANG_WARN_CONSTANT_CONVERSION = YES;
				CLANG_WARN_DEPRECATED_OBJC_IMPLEMENTATIONS = YES;
				CLANG_WARN_DIRECT_OBJC_ISA_USAGE = YES_ERROR;
				CLANG_WARN_DOCUMENTATION_COMMENTS = YES;
				CLANG_WARN_EMPTY_BODY = YES;
				CLANG_WARN_ENUM_CONVERSION = YES;
				CLANG_WARN_INFINITE_RECURSION = YES;
				CLANG_WARN_INT_CONVERSION = YES;
				CLANG_WARN_NON_LITERAL_NULL_CONVERSION = YES;
				CLANG_WARN_OBJC_IMPLICIT_RETAIN_SELF = YES;
				CLANG_WARN_OBJC_LITERAL_CONVERSION = YES;
				CLANG_WARN_OBJC_ROOT_CLASS = YES_ERROR;
				CLANG_WARN_QUOTED_INCLUDE_IN_FRAMEWORK_HEADER = YES;
				CLANG_WARN_RANGE_LOOP_ANALYSIS = YES;
				CLANG_WARN_STRICT_PROTOTYPES = YES;
				CLANG_WARN_SUSPICIOUS_MOVE = YES;
				CLANG_WARN_UNGUARDED_AVAILABILITY = YES_AGGRESSIVE;
				CLANG_WARN_UNREACHABLE_CODE = YES;
				CLANG_WARN__DUPLICATE_METHOD_MATCH = YES;
				COPY_PHASE_STRIP = NO;
				DEBUG_INFORMATION_FORMAT = "dwarf-with-dsym";
				ENABLE_NS_ASSERTIONS = NO;
				ENABLE_STRICT_OBJC_MSGSEND = YES;
				ENABLE_USER_SCRIPT_SANDBOXING = YES;
				GCC_C_LANGUAGE_STANDARD = gnu17;
				GCC_NO_COMMON_BLOCKS = YES;
				GCC_WARN_64_TO_32_BIT_CONVERSION = YES;
				GCC_WARN_ABOUT_RETURN_TYPE = YES_ERROR;
				GCC_WARN_UNDECLARED_SELECTOR = YES;
				GCC_WARN_UNINITIALIZED_AUTOS = YES_AGGRESSIVE;
				GCC_WARN_UNUSED_FUNCTION = YES;
				GCC_WARN_UNUSED_VARIABLE = YES;
				IPHONEOS_DEPLOYMENT_TARGET = 17.5;
				LOCALIZATION_PREFERS_STRING_CATALOGS = YES;
				MTL_ENABLE_DEBUG_INFO = NO;
				MTL_FAST_MATH = YES;
				SDKROOT = iphoneos;
				SWIFT_COMPILATION_MODE = wholemodule;
				VALIDATE_PRODUCT = YES;
			};
			name = Release;
		};
		F07940262C3B67C200917B3B /* Debug */ = {
			isa = XCBuildConfiguration;
			buildSettings = {
				ASSETCATALOG_COMPILER_APPICON_NAME = AppIcon;
				ASSETCATALOG_COMPILER_GLOBAL_ACCENT_COLOR_NAME = AccentColor;
				CODE_SIGN_STYLE = Automatic;
				CURRENT_PROJECT_VERSION = 03.10.24C215;
				DEVELOPMENT_ASSET_PATHS = "\"JustACoreLocAndWeather1/Preview Content\"";
				DEVELOPMENT_TEAM = J434W9VGHF;
				ENABLE_PREVIEWS = YES;
				GENERATE_INFOPLIST_FILE = YES;
				INFOPLIST_FILE = JustACoreLocAndWeather1/Info.plist;
				INFOPLIST_KEY_CFBundleDisplayName = JustACoreLocAndWeather1;
				INFOPLIST_KEY_LSApplicationCategoryType = "public.app-category.weather";
				INFOPLIST_KEY_NSHumanReadableCopyright = "Copyright © JustMacApps 2023-2024. All rights reserved.";
				INFOPLIST_KEY_NSLocationAlwaysAndWhenInUseUsageDescription = "This App uses your Location to provice City and Weather information";
				INFOPLIST_KEY_NSLocationAlwaysUsageDescription = "This App uses your Location to provice City and Weather information";
				INFOPLIST_KEY_NSLocationUsageDescription = "This App uses your Location to provice City and Weather information";
				INFOPLIST_KEY_NSLocationWhenInUseUsageDescription = "This App uses your Location to provice City and Weather information";
				INFOPLIST_KEY_UIApplicationSceneManifest_Generation = YES;
				INFOPLIST_KEY_UIApplicationSupportsIndirectInputEvents = YES;
				INFOPLIST_KEY_UILaunchScreen_Generation = YES;
				INFOPLIST_KEY_UISupportedInterfaceOrientations_iPad = "UIInterfaceOrientationPortrait UIInterfaceOrientationPortraitUpsideDown UIInterfaceOrientationLandscapeLeft UIInterfaceOrientationLandscapeRight";
				INFOPLIST_KEY_UISupportedInterfaceOrientations_iPhone = "UIInterfaceOrientationPortrait UIInterfaceOrientationLandscapeLeft UIInterfaceOrientationLandscapeRight";
				LD_RUNPATH_SEARCH_PATHS = (
					"$(inherited)",
					"@executable_path/Frameworks",
				);
				MARKETING_VERSION = 1.01;
				PRODUCT_BUNDLE_IDENTIFIER = net.justmacapps.JustACoreLocAndWeather1;
				PRODUCT_NAME = "$(TARGET_NAME)";
				SWIFT_EMIT_LOC_STRINGS = YES;
				SWIFT_VERSION = 5.0;
				TARGETED_DEVICE_FAMILY = "1,2";
			};
			name = Debug;
		};
		F07940272C3B67C200917B3B /* Release */ = {
			isa = XCBuildConfiguration;
			buildSettings = {
				ASSETCATALOG_COMPILER_APPICON_NAME = AppIcon;
				ASSETCATALOG_COMPILER_GLOBAL_ACCENT_COLOR_NAME = AccentColor;
				CODE_SIGN_STYLE = Automatic;
				CURRENT_PROJECT_VERSION = 03.10.24C215;
				DEVELOPMENT_ASSET_PATHS = "\"JustACoreLocAndWeather1/Preview Content\"";
				DEVELOPMENT_TEAM = J434W9VGHF;
				ENABLE_PREVIEWS = YES;
				GENERATE_INFOPLIST_FILE = YES;
				INFOPLIST_FILE = JustACoreLocAndWeather1/Info.plist;
				INFOPLIST_KEY_CFBundleDisplayName = JustACoreLocAndWeather1;
				INFOPLIST_KEY_LSApplicationCategoryType = "public.app-category.weather";
				INFOPLIST_KEY_NSHumanReadableCopyright = "Copyright © JustMacApps 2023-2024. All rights reserved.";
				INFOPLIST_KEY_NSLocationAlwaysAndWhenInUseUsageDescription = "This App uses your Location to provice City and Weather information";
				INFOPLIST_KEY_NSLocationAlwaysUsageDescription = "This App uses your Location to provice City and Weather information";
				INFOPLIST_KEY_NSLocationUsageDescription = "This App uses your Location to provice City and Weather information";
				INFOPLIST_KEY_NSLocationWhenInUseUsageDescription = "This App uses your Location to provice City and Weather information";
				INFOPLIST_KEY_UIApplicationSceneManifest_Generation = YES;
				INFOPLIST_KEY_UIApplicationSupportsIndirectInputEvents = YES;
				INFOPLIST_KEY_UILaunchScreen_Generation = YES;
				INFOPLIST_KEY_UISupportedInterfaceOrientations_iPad = "UIInterfaceOrientationPortrait UIInterfaceOrientationPortraitUpsideDown UIInterfaceOrientationLandscapeLeft UIInterfaceOrientationLandscapeRight";
				INFOPLIST_KEY_UISupportedInterfaceOrientations_iPhone = "UIInterfaceOrientationPortrait UIInterfaceOrientationLandscapeLeft UIInterfaceOrientationLandscapeRight";
				LD_RUNPATH_SEARCH_PATHS = (
					"$(inherited)",
					"@executable_path/Frameworks",
				);
				MARKETING_VERSION = 1.01;
				PRODUCT_BUNDLE_IDENTIFIER = net.justmacapps.JustACoreLocAndWeather1;
				PRODUCT_NAME = "$(TARGET_NAME)";
				SWIFT_EMIT_LOC_STRINGS = YES;
				SWIFT_VERSION = 5.0;
				TARGETED_DEVICE_FAMILY = "1,2";
			};
			name = Release;
		};
/* End XCBuildConfiguration section */

/* Begin XCConfigurationList section */
		F07940122C3B67C100917B3B /* Build configuration list for PBXProject "JustACoreLocAndWeather1" */ = {
			isa = XCConfigurationList;
			buildConfigurations = (
				F07940232C3B67C200917B3B /* Debug */,
				F07940242C3B67C200917B3B /* Release */,
			);
			defaultConfigurationIsVisible = 0;
			defaultConfigurationName = Release;
		};
		F07940252C3B67C200917B3B /* Build configuration list for PBXNativeTarget "JustACoreLocAndWeather1" */ = {
			isa = XCConfigurationList;
			buildConfigurations = (
				F07940262C3B67C200917B3B /* Debug */,
				F07940272C3B67C200917B3B /* Release */,
			);
			defaultConfigurationIsVisible = 0;
			defaultConfigurationName = Release;
		};
/* End XCConfigurationList section */
	};
	rootObject = F079400F2C3B67C100917B3B /* Project object */;
}
